# This file was autogenerated by Stack.
# You should not edit this file by hand.
# For more information, please see the documentation at:
#   https://docs.haskellstack.org/en/stable/lock_files

packages:
- completed:
    size: 12826
    url: https://github.com/sullyj3/buttplug-hs-core/archive/f7e4e0d44a12dd9473de3213ee9571ca5586169f.tar.gz
    name: buttplug-hs-core
    version: 0.1.0.0
    sha256: ed9370d1f97db149eb33a9b57dd293a6fcd120292e52f3361f4eda90749b1322
    pantry-tree:
      size: 885
      sha256: 16ac48dc4ce6fcb46ab86770889f0fa5852047565914e38e126b4bd11787a3b4
  original:
    url: https://github.com/sullyj3/buttplug-hs-core/archive/f7e4e0d44a12dd9473de3213ee9571ca5586169f.tar.gz
- completed:
    hackage: streamly-0.7.3@sha256:ad2a488fe802692ed47cab9fd0416c2904aac9e51cf2d8aafd1c3a40064c42f5,27421
    pantry-tree:
      size: 12739
      sha256: 7736117dc83cd6c0b7b8ee136cf06fd2f728773561a99d89a8408664e57a4df8
  original:
    hackage: streamly-0.7.3
snapshots:
- completed:
    size: 573297
    url: https://raw.githubusercontent.com/commercialhaskell/stackage-snapshots/master/nightly/2021/3/10.yaml
    sha256: 88ad982379f4ebcd7cd67749aaac8d238318d596ce87ca5c34bf5625b53d011d
  original: nightly-2021-03-10
