# This file was autogenerated by Stack.
# You should not edit this file by hand.
# For more information, please see the documentation at:
#   https://docs.haskellstack.org/en/stable/lock_files

packages: []
snapshots:
- completed:
    size: 574369
    url: https://raw.githubusercontent.com/commercialhaskell/stackage-snapshots/master/nightly/2021/3/20.yaml
    sha256: d4297470fde92e7794ced8e4b490a4f1733c1d7c840c4de74f6006b2a83b2b0c
  original: nightly-2021-03-20
