# This file was autogenerated by Stack.
# You should not edit this file by hand.
# For more information, please see the documentation at:
#   https://docs.haskellstack.org/en/stable/lock_files

packages:
- completed:
    name: buttplug-hs-core
    version: 0.2.0.0
    git: git@github.com:sullyj3/buttplug-hs-core.git
    pantry-tree:
      size: 1026
      sha256: 57d1d4ae83df1c337c1bacdfc69bfe5218e813ce54f2950667156437ad9ad064
    commit: f2002cb540aa6bf1b3e821716cb0b05b83ed5f9a
  original:
    git: git@github.com:sullyj3/buttplug-hs-core.git
    commit: f2002cb540aa6bf1b3e821716cb0b05b83ed5f9a
- completed:
    name: buttplug-hs
    version: 0.1.0.0
    git: git@github.com:sullyj3/buttplug-hs.git
    pantry-tree:
      size: 817
      sha256: 04030bf2f9450d30ae113e50f98c0e5fa66498aa7423147ac9845f098978abcb
    commit: 3d9ad7252b798cb4e2e920c8d4ddf3ffaf1dbf98
  original:
    git: git@github.com:sullyj3/buttplug-hs.git
    commit: 3d9ad7252b798cb4e2e920c8d4ddf3ffaf1dbf98
snapshots:
- completed:
    size: 617441
    url: https://raw.githubusercontent.com/commercialhaskell/stackage-snapshots/master/nightly/2022/7/21.yaml
    sha256: 79dd565ad2ddaca3300032a592912aaf95d6da96cb385d027cd91acb62fa7107
  original: nightly-2022-07-21
